
Microsoft Visual Studio Solution File, Format Version 12.00
# Visual Studio 14
VisualStudioVersion = 14.0.25420.1
MinimumVisualStudioVersion = 10.0.40219.1
Project("{FAE04EC0-301F-11D3-BF4B-00C04F79EFBC}") = "VRGameSelectorTestServer", "VRGameSelectorTestServer\VRGameSelectorTestServer.csproj", "{D21F1887-08C8-43D9-ACF1-35879B1DCEF7}"
EndProject
Project("{FAE04EC0-301F-11D3-BF4B-00C04F79EFBC}") = "VRGameSelectorDTO", "..\VRGameSelectorClientDaemon\VRGameSelectorDTO\VRGameSelectorDTO.csproj", "{558C71E2-314B-470E-BCF9-C59A9272023E}"
EndProject
Global
	GlobalSection(SolutionConfigurationPlatforms) = preSolution
		Debug|Any CPU = Debug|Any CPU
		Release|Any CPU = Release|Any CPU
	EndGlobalSection
	GlobalSection(ProjectConfigurationPlatforms) = postSolution
		{D21F1887-08C8-43D9-ACF1-35879B1DCEF7}.Debug|Any CPU.ActiveCfg = Debug|Any CPU
		{D21F1887-08C8-43D9-ACF1-35879B1DCEF7}.Debug|Any CPU.Build.0 = Debug|Any CPU
		{D21F1887-08C8-43D9-ACF1-35879B1DCEF7}.Release|Any CPU.ActiveCfg = Release|Any CPU
		{D21F1887-08C8-43D9-ACF1-35879B1DCEF7}.Release|Any CPU.Build.0 = Release|Any CPU
		{558C71E2-314B-470E-BCF9-C59A9272023E}.Debug|Any CPU.ActiveCfg = Debug|Any CPU
		{558C71E2-314B-470E-BCF9-C59A9272023E}.Debug|Any CPU.Build.0 = Debug|Any CPU
		{558C71E2-314B-470E-BCF9-C59A9272023E}.Release|Any CPU.ActiveCfg = Release|Any CPU
		{558C71E2-314B-470E-BCF9-C59A9272023E}.Release|Any CPU.Build.0 = Release|Any CPU
	EndGlobalSection
	GlobalSection(SolutionProperties) = preSolution
		HideSolutionNode = FALSE
	EndGlobalSection
EndGlobal
